// !$*UTF8*$!
{
	archiveVersion = 1;
	classes = {
	};
	objectVersion = 60;
	objects = {

/* Begin PBXBuildFile section */
		2FAD9763203C412B000D30F8 /* config.xml in Resources */ = {isa = PBXBuildFile; fileRef = 2FAD9762203C412B000D30F8 /* config.xml */; };
		4D22ABE92AF431CB00220026 /* CapApp-SPM in Frameworks */ = {isa = PBXBuildFile; productRef = 4D22ABE82AF431CB00220026 /* CapApp-SPM */; };
		50379B232058CBB4000EE86E /* capacitor.config.json in Resources */ = {isa = PBXBuildFile; fileRef = 50379B222058CBB4000EE86E /* capacitor.config.json */; };
		504EC3081FED79650016851F /* AppDelegate.swift in Sources */ = {isa = PBXBuildFile; fileRef = 504EC3071FED79650016851F /* AppDelegate.swift */; };
		504EC30D1FED79650016851F /* Main.storyboard in Resources */ = {isa = PBXBuildFile; fileRef = 504EC30B1FED79650016851F /* Main.storyboard */; };
		504EC30F1FED79650016851F /* Assets.xcassets in Resources */ = {isa = PBXBuildFile; fileRef = 504EC30E1FED79650016851F /* Assets.xcassets */; };
		504EC3121FED79650016851F /* LaunchScreen.storyboard in Resources */ = {isa = PBXBuildFile; fileRef = 504EC3101FED79650016851F /* LaunchScreen.storyboard */; };
		50B271D11FEDC1A000F3C39B /* public in Resources */ = {isa = PBXBuildFile; fileRef = 50B271D01FEDC1A000F3C39B /* public */; };
		5B88E7A12C40000100F0A001 /* FollowAppNativePlugin.swift in Sources */ = {isa = PBXBuildFile; fileRef = 5B88E7A02C40000100F0A001 /* FollowAppNativePlugin.swift */; };
		5B88E7A32C40000100F0A001 /* MainViewController.swift in Sources */ = {isa = PBXBuildFile; fileRef = 5B88E7A22C40000100F0A001 /* MainViewController.swift */; };
		6B932A4A2C39600100F0A001 /* PrivacyInfo.xcprivacy in Resources */ = {isa = PBXBuildFile; fileRef = 6B932A492C39600100F0A001 /* PrivacyInfo.xcprivacy */; };
		AA0000022C41000100F0A001 /* BusinessCardScannerCoordinator.swift in Sources */ = {isa = PBXBuildFile; fileRef = AA0000012C41000100F0A001 /* BusinessCardScannerCoordinator.swift */; };
		AA0000042C41000100F0A001 /* FollowAppActivityAttributes.swift in Sources */ = {isa = PBXBuildFile; fileRef = AA0000032C41000100F0A001 /* FollowAppActivityAttributes.swift */; };
		AA0000052C41000100F0A001 /* FollowAppActivityAttributes.swift in Sources */ = {isa = PBXBuildFile; fileRef = AA0000032C41000100F0A001 /* FollowAppActivityAttributes.swift */; };
		AA0000072C41000100F0A001 /* FollowAppCameraCaptureIntent.swift in Sources */ = {isa = PBXBuildFile; fileRef = AA0000062C41000100F0A001 /* FollowAppCameraCaptureIntent.swift */; };
		AA0000082C41000100F0A001 /* FollowAppCameraCaptureIntent.swift in Sources */ = {isa = PBXBuildFile; fileRef = AA0000062C41000100F0A001 /* FollowAppCameraCaptureIntent.swift */; };
		AA0000092C41000100F0A001 /* FollowAppCameraCaptureIntent.swift in Sources */ = {isa = PBXBuildFile; fileRef = AA0000062C41000100F0A001 /* FollowAppCameraCaptureIntent.swift */; };
		AA00000B2C41000100F0A001 /* FollowAppSystemIntents.swift in Sources */ = {isa = PBXBuildFile; fileRef = AA00000A2C41000100F0A001 /* FollowAppSystemIntents.swift */; };
		AA00000D2C41000100F0A001 /* NativeExchangeDock.swift in Sources */ = {isa = PBXBuildFile; fileRef = AA00000C2C41000100F0A001 /* NativeExchangeDock.swift */; };
		AA00000F2C41000100F0A001 /* QRPresentationManager.swift in Sources */ = {isa = PBXBuildFile; fileRef = AA00000E2C41000100F0A001 /* QRPresentationManager.swift */; };
		AA0000122C41000100F0A001 /* FollowAppWidgets.swift in Sources */ = {isa = PBXBuildFile; fileRef = AA0000112C41000100F0A001 /* FollowAppWidgets.swift */; };
		AA0000222C41000100F0A001 /* FollowAppCaptureExtension.swift in Sources */ = {isa = PBXBuildFile; fileRef = AA0000212C41000100F0A001 /* FollowAppCaptureExtension.swift */; };
		AA0000242C41000100F0A001 /* FollowAppCaptureViewfinder.swift in Sources */ = {isa = PBXBuildFile; fileRef = AA0000232C41000100F0A001 /* FollowAppCaptureViewfinder.swift */; };
		AA0000302C41000100F0A001 /* FollowAppWidgets.appex in Embed App Extensions */ = {isa = PBXBuildFile; fileRef = AA0000142C41000100F0A001 /* FollowAppWidgets.appex */; settings = {ATTRIBUTES = (CodeSignOnCopy, RemoveHeadersOnCopy, ); }; };
		AA0000312C41000100F0A001 /* FollowAppCaptureExtension.appex in Embed Foundation Extensions */ = {isa = PBXBuildFile; fileRef = AA0000262C41000100F0A001 /* FollowAppCaptureExtension.appex */; settings = {ATTRIBUTES = (CodeSignOnCopy, RemoveHeadersOnCopy, ); }; };
		AA0000392C41000100F0A001 /* FollowApp.icon in Resources */ = {isa = PBXBuildFile; fileRef = AA0000382C41000100F0A001 /* FollowApp.icon */; };
/* End PBXBuildFile section */

/* Begin PBXContainerItemProxy section */
		AA0000342C41000100F0A001 /* PBXContainerItemProxy */ = {
			isa = PBXContainerItemProxy;
			containerPortal = 504EC2FC1FED79650016851F /* Project object */;
			proxyType = 1;
			remoteGlobalIDString = AA0000152C41000100F0A001;
			remoteInfo = FollowAppWidgets;
		};
		AA0000362C41000100F0A001 /* PBXContainerItemProxy */ = {
			isa = PBXContainerItemProxy;
			containerPortal = 504EC2FC1FED79650016851F /* Project object */;
			proxyType = 1;
			remoteGlobalIDString = AA0000272C41000100F0A001;
			remoteInfo = FollowAppCaptureExtension;
		};
/* End PBXContainerItemProxy section */

/* Begin PBXCopyFilesBuildPhase section */
		AA0000322C41000100F0A001 /* Embed App Extensions */ = {
			isa = PBXCopyFilesBuildPhase;
			buildActionMask = 2147483647;
			dstPath = "";
			dstSubfolderSpec = 13;
			files = (
				AA0000302C41000100F0A001 /* FollowAppWidgets.appex in Embed App Extensions */,
			);
			name = "Embed App Extensions";
			runOnlyForDeploymentPostprocessing = 0;
		};
		AA0000372C41000100F0A001 /* Embed Foundation Extensions */ = {
			isa = PBXCopyFilesBuildPhase;
			buildActionMask = 2147483647;
			dstPath = Extensions;
			dstSubfolderSpec = 1;
			files = (
				AA0000312C41000100F0A001 /* FollowAppCaptureExtension.appex in Embed Foundation Extensions */,
			);
			name = "Embed Foundation Extensions";
			runOnlyForDeploymentPostprocessing = 0;
		};
/* End PBXCopyFilesBuildPhase section */

/* Begin PBXFileReference section */
		2FAD9762203C412B000D30F8 /* config.xml */ = {isa = PBXFileReference; lastKnownFileType = text.xml; path = config.xml; sourceTree = "<group>"; };
		50379B222058CBB4000EE86E /* capacitor.config.json */ = {isa = PBXFileReference; fileEncoding = 4; lastKnownFileType = text.json; path = capacitor.config.json; sourceTree = "<group>"; };
		504EC3041FED79650016851F /* App.app */ = {isa = PBXFileReference; explicitFileType = wrapper.application; includeInIndex = 0; path = App.app; sourceTree = BUILT_PRODUCTS_DIR; };
		504EC3071FED79650016851F /* AppDelegate.swift */ = {isa = PBXFileReference; lastKnownFileType = sourcecode.swift; path = AppDelegate.swift; sourceTree = "<group>"; };
		504EC30C1FED79650016851F /* Base */ = {isa = PBXFileReference; lastKnownFileType = file.storyboard; name = Base; path = Base.lproj/Main.storyboard; sourceTree = "<group>"; };
		504EC30E1FED79650016851F /* Assets.xcassets */ = {isa = PBXFileReference; lastKnownFileType = folder.assetcatalog; path = Assets.xcassets; sourceTree = "<group>"; };
		504EC3111FED79650016851F /* Base */ = {isa = PBXFileReference; lastKnownFileType = file.storyboard; name = Base; path = Base.lproj/LaunchScreen.storyboard; sourceTree = "<group>"; };
		504EC3131FED79650016851F /* Info.plist */ = {isa = PBXFileReference; lastKnownFileType = text.plist.xml; path = Info.plist; sourceTree = "<group>"; };
		50B271D01FEDC1A000F3C39B /* public */ = {isa = PBXFileReference; lastKnownFileType = folder; path = public; sourceTree = "<group>"; };
		5B88E7A02C40000100F0A001 /* FollowAppNativePlugin.swift */ = {isa = PBXFileReference; lastKnownFileType = sourcecode.swift; path = FollowAppNativePlugin.swift; sourceTree = "<group>"; };
		5B88E7A22C40000100F0A001 /* MainViewController.swift */ = {isa = PBXFileReference; lastKnownFileType = sourcecode.swift; path = MainViewController.swift; sourceTree = "<group>"; };
		5B88E7A42C40000100F0A001 /* App.entitlements */ = {isa = PBXFileReference; lastKnownFileType = text.plist.entitlements; path = App.entitlements; sourceTree = "<group>"; };
		6B932A492C39600100F0A001 /* PrivacyInfo.xcprivacy */ = {isa = PBXFileReference; lastKnownFileType = text.xml; path = PrivacyInfo.xcprivacy; sourceTree = "<group>"; };
		958DCC722DB07C7200EA8C5F /* debug.xcconfig */ = {isa = PBXFileReference; lastKnownFileType = text.xcconfig; name = debug.xcconfig; path = ../debug.xcconfig; sourceTree = SOURCE_ROOT; };
		AA0000012C41000100F0A001 /* BusinessCardScannerCoordinator.swift */ = {isa = PBXFileReference; lastKnownFileType = sourcecode.swift; path = BusinessCardScannerCoordinator.swift; sourceTree = "<group>"; };
		AA0000032C41000100F0A001 /* FollowAppActivityAttributes.swift */ = {isa = PBXFileReference; lastKnownFileType = sourcecode.swift; path = FollowAppActivityAttributes.swift; sourceTree = "<group>"; };
		AA0000062C41000100F0A001 /* FollowAppCameraCaptureIntent.swift */ = {isa = PBXFileReference; lastKnownFileType = sourcecode.swift; path = FollowAppCameraCaptureIntent.swift; sourceTree = "<group>"; };
		AA00000A2C41000100F0A001 /* FollowAppSystemIntents.swift */ = {isa = PBXFileReference; lastKnownFileType = sourcecode.swift; path = FollowAppSystemIntents.swift; sourceTree = "<group>"; };
		AA00000C2C41000100F0A001 /* NativeExchangeDock.swift */ = {isa = PBXFileReference; lastKnownFileType = sourcecode.swift; path = NativeExchangeDock.swift; sourceTree = "<group>"; };
		AA00000E2C41000100F0A001 /* QRPresentationManager.swift */ = {isa = PBXFileReference; lastKnownFileType = sourcecode.swift; path = QRPresentationManager.swift; sourceTree = "<group>"; };
		AA0000112C41000100F0A001 /* FollowAppWidgets.swift */ = {isa = PBXFileReference; lastKnownFileType = sourcecode.swift; path = FollowAppWidgets.swift; sourceTree = "<group>"; };
		AA0000132C41000100F0A001 /* Info.plist */ = {isa = PBXFileReference; lastKnownFileType = text.plist.xml; path = Info.plist; sourceTree = "<group>"; };
		AA0000142C41000100F0A001 /* FollowAppWidgets.appex */ = {isa = PBXFileReference; explicitFileType = wrapper.app-extension; includeInIndex = 0; path = FollowAppWidgets.appex; sourceTree = BUILT_PRODUCTS_DIR; };
		AA0000212C41000100F0A001 /* FollowAppCaptureExtension.swift */ = {isa = PBXFileReference; lastKnownFileType = sourcecode.swift; path = FollowAppCaptureExtension.swift; sourceTree = "<group>"; };
		AA0000232C41000100F0A001 /* FollowAppCaptureViewfinder.swift */ = {isa = PBXFileReference; lastKnownFileType = sourcecode.swift; path = FollowAppCaptureViewfinder.swift; sourceTree = "<group>"; };
		AA0000252C41000100F0A001 /* Info.plist */ = {isa = PBXFileReference; lastKnownFileType = text.plist.xml; path = Info.plist; sourceTree = "<group>"; };
		AA0000262C41000100F0A001 /* FollowAppCaptureExtension.appex */ = {isa = PBXFileReference; explicitFileType = wrapper.app-extension; includeInIndex = 0; path = FollowAppCaptureExtension.appex; sourceTree = BUILT_PRODUCTS_DIR; };
		AA0000382C41000100F0A001 /* FollowApp.icon */ = {isa = PBXFileReference; lastKnownFileType = folder.iconcomposer.icon; path = AppIconLayers/FollowApp.icon; sourceTree = "<group>"; };
/* End PBXFileReference section */

/* Begin PBXFrameworksBuildPhase section */
		504EC3011FED79650016851F /* Frameworks */ = {
			isa = PBXFrameworksBuildPhase;
			buildActionMask = 2147483647;
			files = (
				4D22ABE92AF431CB00220026 /* CapApp-SPM in Frameworks */,
			);
			 runOnlyForDeploymentPostprocessing = 0;
		};
		AA0000172C41000100F0A001 /* Frameworks */ = {
			isa = PBXFrameworksBuildPhase;
			buildActionMask = 2147483647;
			files = (
			);
			runOnlyForDeploymentPostprocessing = 0;
		};
		AA0000292C41000100F0A001 /* Frameworks */ = {
			isa = PBXFrameworksBuildPhase;
			buildActionMask = 2147483647;
			files = (
			);
			runOnlyForDeploymentPostprocessing = 0;
		};
/* End PBXFrameworksBuildPhase section */

/* Begin PBXGroup section */
		504EC2FB1FED79650016851F = {
			isa = PBXGroup;
			children = (
				958DCC722DB07C7200EA8C5F /* debug.xcconfig */,
				504EC3061FED79650016851F /* App */,
				AA0000102C41000100F0A001 /* FollowAppWidgets */,
				AA0000202C41000100F0A001 /* FollowAppCaptureExtension */,
				504EC3051FED79650016851F /* Products */,
			);
			sourceTree = "<group>";
		};
		504EC3051FED79650016851F /* Products */ = {
			isa = PBXGroup;
			children = (
				504EC3041FED79650016851F /* App.app */,
				AA0000142C41000100F0A001 /* FollowAppWidgets.appex */,
				AA0000262C41000100F0A001 /* FollowAppCaptureExtension.appex */,
			);
			name = Products;
			sourceTree = "<group>";
		};
		504EC3061FED79650016851F /* App */ = {
			isa = PBXGroup;
			children = (
				50379B222058CBB4000EE86E /* capacitor.config.json */,
				504EC3071FED79650016851F /* AppDelegate.swift */,
				5B88E7A22C40000100F0A001 /* MainViewController.swift */,
				5B88E7A02C40000100F0A001 /* FollowAppNativePlugin.swift */,
				AA0000012C41000100F0A001 /* BusinessCardScannerCoordinator.swift */,
				AA0000032C41000100F0A001 /* FollowAppActivityAttributes.swift */,
				AA0000062C41000100F0A001 /* FollowAppCameraCaptureIntent.swift */,
				AA00000A2C41000100F0A001 /* FollowAppSystemIntents.swift */,
				AA00000C2C41000100F0A001 /* NativeExchangeDock.swift */,
				AA00000E2C41000100F0A001 /* QRPresentationManager.swift */,
				5B88E7A42C40000100F0A001 /* App.entitlements */,
				504EC30B1FED79650016851F /* Main.storyboard */,
					504EC30E1FED79650016851F /* Assets.xcassets */,
					AA0000382C41000100F0A001 /* FollowApp.icon */,
				504EC3101FED79650016851F /* LaunchScreen.storyboard */,
				504EC3131FED79650016851F /* Info.plist */,
				6B932A492C39600100F0A001 /* PrivacyInfo.xcprivacy */,
				2FAD9762203C412B000D30F8 /* config.xml */,
				50B271D01FEDC1A000F3C39B /* public */,
			);
			path = App;
			sourceTree = "<group>";
		};
		AA0000102C41000100F0A001 /* FollowAppWidgets */ = {
			isa = PBXGroup;
			children = (
				AA0000112C41000100F0A001 /* FollowAppWidgets.swift */,
				AA0000132C41000100F0A001 /* Info.plist */,
			);
			path = FollowAppWidgets;
			sourceTree = "<group>";
		};
		AA0000202C41000100F0A001 /* FollowAppCaptureExtension */ = {
			isa = PBXGroup;
			children = (
				AA0000212C41000100F0A001 /* FollowAppCaptureExtension.swift */,
				AA0000232C41000100F0A001 /* FollowAppCaptureViewfinder.swift */,
				AA0000252C41000100F0A001 /* Info.plist */,
			);
			path = FollowAppCaptureExtension;
			sourceTree = "<group>";
		};
/* End PBXGroup section */

/* Begin PBXNativeTarget section */
		504EC3031FED79650016851F /* App */ = {
			isa = PBXNativeTarget;
			buildConfigurationList = 504EC3161FED79650016851F /* Build configuration list for PBXNativeTarget "App" */;
			buildPhases = (
				504EC3001FED79650016851F /* Sources */,
				504EC3011FED79650016851F /* Frameworks */,
				504EC3021FED79650016851F /* Resources */,
				AA0000322C41000100F0A001 /* Embed App Extensions */,
				AA0000372C41000100F0A001 /* Embed Foundation Extensions */,
			);
			buildRules = (
			);
			dependencies = (
				AA0000332C41000100F0A001 /* PBXTargetDependency */,
				AA0000352C41000100F0A001 /* PBXTargetDependency */,
			);
			name = App;
			packageProductDependencies = (
				4D22ABE82AF431CB00220026 /* CapApp-SPM */,
			);
			productName = App;
			productReference = 504EC3041FED79650016851F /* App.app */;
			productType = "com.apple.product-type.application";
		};
		AA0000152C41000100F0A001 /* FollowAppWidgets */ = {
			isa = PBXNativeTarget;
			buildConfigurationList = AA00001B2C41000100F0A001 /* Build configuration list for PBXNativeTarget "FollowAppWidgets" */;
			buildPhases = (
				AA0000162C41000100F0A001 /* Sources */,
				AA0000172C41000100F0A001 /* Frameworks */,
				AA0000182C41000100F0A001 /* Resources */,
			);
			buildRules = (
			);
			dependencies = (
			);
			name = FollowAppWidgets;
			packageProductDependencies = (
			);
			productName = FollowAppWidgets;
			productReference = AA0000142C41000100F0A001 /* FollowAppWidgets.appex */;
			productType = "com.apple.product-type.app-extension";
		};
		AA0000272C41000100F0A001 /* FollowAppCaptureExtension */ = {
			isa = PBXNativeTarget;
			buildConfigurationList = AA00002D2C41000100F0A001 /* Build configuration list for PBXNativeTarget "FollowAppCaptureExtension" */;
			buildPhases = (
				AA0000282C41000100F0A001 /* Sources */,
				AA0000292C41000100F0A001 /* Frameworks */,
				AA00002A2C41000100F0A001 /* Resources */,
			);
			buildRules = (
			);
			dependencies = (
			);
			name = FollowAppCaptureExtension;
			packageProductDependencies = (
			);
			productName = FollowAppCaptureExtension;
			productReference = AA0000262C41000100F0A001 /* FollowAppCaptureExtension.appex */;
			productType = "com.apple.product-type.extensionkit-extension";
		};
/* End PBXNativeTarget section */

/* Begin PBXProject section */
		504EC2FC1FED79650016851F /* Project object */ = {
			isa = PBXProject;
			attributes = {
				LastSwiftUpdateCheck = 0920;
				LastUpgradeCheck = 0920;
				TargetAttributes = {
					504EC3031FED79650016851F = {
						CreatedOnToolsVersion = 9.2;
						LastSwiftMigration = 1100;
						ProvisioningStyle = Automatic;
						SystemCapabilities = {
							com.apple.AssociatedDomains = {
								enabled = 1;
							};
						};
					};
					AA0000152C41000100F0A001 = {
						CreatedOnToolsVersion = 26.3;
						ProvisioningStyle = Automatic;
					};
					AA0000272C41000100F0A001 = {
						CreatedOnToolsVersion = 26.3;
						ProvisioningStyle = Automatic;
					};
				};
			};
			buildConfigurationList = 504EC2FF1FED79650016851F /* Build configuration list for PBXProject "App" */;
			compatibilityVersion = "Xcode 8.0";
			developmentRegion = en;
			hasScannedForEncodings = 0;
			knownRegions = (
				en,
				Base,
			);
			mainGroup = 504EC2FB1FED79650016851F;
			packageReferences = (
				D4C12C0A2AAA248700AAC8A2 /* XCLocalSwiftPackageReference "CapApp-SPM" */,
			);
			productRefGroup = 504EC3051FED79650016851F /* Products */;
			projectDirPath = "";
			projectRoot = "";
			targets = (
				504EC3031FED79650016851F /* App */,
				AA0000152C41000100F0A001 /* FollowAppWidgets */,
				AA0000272C41000100F0A001 /* FollowAppCaptureExtension */,
			);
		};
/* End PBXProject section */

/* Begin PBXResourcesBuildPhase section */
		504EC3021FED79650016851F /* Resources */ = {
			isa = PBXResourcesBuildPhase;
			buildActionMask = 2147483647;
			files = (
				504EC3121FED79650016851F /* LaunchScreen.storyboard in Resources */,
				50B271D11FEDC1A000F3C39B /* public in Resources */,
				504EC30F1FED79650016851F /* Assets.xcassets in Resources */,
				50379B232058CBB4000EE86E /* capacitor.config.json in Resources */,
				504EC30D1FED79650016851F /* Main.storyboard in Resources */,
				6B932A4A2C39600100F0A001 /* PrivacyInfo.xcprivacy in Resources */,
					2FAD9763203C412B000D30F8 /* config.xml in Resources */,
					AA0000392C41000100F0A001 /* FollowApp.icon in Resources */,
			);
			runOnlyForDeploymentPostprocessing = 0;
		};
		AA0000182C41000100F0A001 /* Resources */ = {
			isa = PBXResourcesBuildPhase;
			buildActionMask = 2147483647;
			files = (
			);
			runOnlyForDeploymentPostprocessing = 0;
		};
		AA00002A2C41000100F0A001 /* Resources */ = {
			isa = PBXResourcesBuildPhase;
			buildActionMask = 2147483647;
			files = (
			);
			runOnlyForDeploymentPostprocessing = 0;
		};
/* End PBXResourcesBuildPhase section */

/* Begin PBXSourcesBuildPhase section */
		504EC3001FED79650016851F /* Sources */ = {
			isa = PBXSourcesBuildPhase;
			buildActionMask = 2147483647;
			files = (
				504EC3081FED79650016851F /* AppDelegate.swift in Sources */,
				5B88E7A32C40000100F0A001 /* MainViewController.swift in Sources */,
				5B88E7A12C40000100F0A001 /* FollowAppNativePlugin.swift in Sources */,
				AA0000022C41000100F0A001 /* BusinessCardScannerCoordinator.swift in Sources */,
				AA0000042C41000100F0A001 /* FollowAppActivityAttributes.swift in Sources */,
				AA0000072C41000100F0A001 /* FollowAppCameraCaptureIntent.swift in Sources */,
				AA00000B2C41000100F0A001 /* FollowAppSystemIntents.swift in Sources */,
				AA00000D2C41000100F0A001 /* NativeExchangeDock.swift in Sources */,
				AA00000F2C41000100F0A001 /* QRPresentationManager.swift in Sources */,
			);
			runOnlyForDeploymentPostprocessing = 0;
		};
		AA0000162C41000100F0A001 /* Sources */ = {
			isa = PBXSourcesBuildPhase;
			buildActionMask = 2147483647;
			files = (
				AA0000122C41000100F0A001 /* FollowAppWidgets.swift in Sources */,
				AA0000052C41000100F0A001 /* FollowAppActivityAttributes.swift in Sources */,
				AA0000082C41000100F0A001 /* FollowAppCameraCaptureIntent.swift in Sources */,
			);
			runOnlyForDeploymentPostprocessing = 0;
		};
		AA0000282C41000100F0A001 /* Sources */ = {
			isa = PBXSourcesBuildPhase;
			buildActionMask = 2147483647;
			files = (
				AA0000222C41000100F0A001 /* FollowAppCaptureExtension.swift in Sources */,
				AA0000242C41000100F0A001 /* FollowAppCaptureViewfinder.swift in Sources */,
				AA0000092C41000100F0A001 /* FollowAppCameraCaptureIntent.swift in Sources */,
			);
			runOnlyForDeploymentPostprocessing = 0;
		};
/* End PBXSourcesBuildPhase section */

/* Begin PBXTargetDependency section */
		AA0000332C41000100F0A001 /* PBXTargetDependency */ = {
			isa = PBXTargetDependency;
			target = AA0000152C41000100F0A001 /* FollowAppWidgets */;
			targetProxy = AA0000342C41000100F0A001 /* PBXContainerItemProxy */;
		};
		AA0000352C41000100F0A001 /* PBXTargetDependency */ = {
			isa = PBXTargetDependency;
			target = AA0000272C41000100F0A001 /* FollowAppCaptureExtension */;
			targetProxy = AA0000362C41000100F0A001 /* PBXContainerItemProxy */;
		};
/* End PBXTargetDependency section */

/* Begin PBXVariantGroup section */
		504EC30B1FED79650016851F /* Main.storyboard */ = {
			isa = PBXVariantGroup;
			children = (
				504EC30C1FED79650016851F /* Base */,
			);
			name = Main.storyboard;
			sourceTree = "<group>";
		};
		504EC3101FED79650016851F /* LaunchScreen.storyboard */ = {
			isa = PBXVariantGroup;
			children = (
				504EC3111FED79650016851F /* Base */,
			);
			name = LaunchScreen.storyboard;
			sourceTree = "<group>";
		};
/* End PBXVariantGroup section */

/* Begin XCBuildConfiguration section */
		504EC3141FED79650016851F /* Debug */ = {
			isa = XCBuildConfiguration;
			baseConfigurationReference = 958DCC722DB07C7200EA8C5F /* debug.xcconfig */;
			buildSettings = {
				ALWAYS_SEARCH_USER_PATHS = NO;
				CLANG_ANALYZER_NONNULL = YES;
				CLANG_ANALYZER_NUMBER_OBJECT_CONVERSION = YES_AGGRESSIVE;
				CLANG_CXX_LANGUAGE_STANDARD = "gnu++14";
				CLANG_CXX_LIBRARY = "libc++";
				CLANG_ENABLE_MODULES = YES;
				CLANG_ENABLE_OBJC_ARC = YES;
				CLANG_WARN_BLOCK_CAPTURE_AUTORELEASING = YES;
				CLANG_WARN_BOOL_CONVERSION = YES;
				CLANG_WARN_COMMA = YES;
				CLANG_WARN_CONSTANT_CONVERSION = YES;
				CLANG_WARN_DIRECT_OBJC_ISA_USAGE = YES_ERROR;
				CLANG_WARN_DOCUMENTATION_COMMENTS = YES;
				CLANG_WARN_EMPTY_BODY = YES;
				CLANG_WARN_ENUM_CONVERSION = YES;
				CLANG_WARN_INFINITE_RECURSION = YES;
				CLANG_WARN_INT_CONVERSION = YES;
				CLANG_WARN_NON_LITERAL_NULL_CONVERSION = YES;
				CLANG_WARN_OBJC_LITERAL_CONVERSION = YES;
				CLANG_WARN_OBJC_ROOT_CLASS = YES_ERROR;
				CLANG_WARN_RANGE_LOOP_ANALYSIS = YES;
				CLANG_WARN_STRICT_PROTOTYPES = YES;
				CLANG_WARN_SUSPICIOUS_MOVE = YES;
				CLANG_WARN_UNGUARDED_AVAILABILITY = YES_AGGRESSIVE;
				CLANG_WARN_UNREACHABLE_CODE = YES;
				CLANG_WARN__DUPLICATE_METHOD_MATCH = YES;
				CODE_SIGN_IDENTITY = "iPhone Developer";
				COPY_PHASE_STRIP = NO;
				DEBUG_INFORMATION_FORMAT = dwarf;
				ENABLE_STRICT_OBJC_MSGSEND = YES;
				ENABLE_TESTABILITY = YES;
				GCC_C_LANGUAGE_STANDARD = gnu11;
				GCC_DYNAMIC_NO_PIC = NO;
				GCC_NO_COMMON_BLOCKS = YES;
				GCC_OPTIMIZATION_LEVEL = 0;
				GCC_PREPROCESSOR_DEFINITIONS = (
					"DEBUG=1",
					"$(inherited)",
				);
				GCC_WARN_64_TO_32_BIT_CONVERSION = YES;
				GCC_WARN_ABOUT_RETURN_TYPE = YES_ERROR;
				GCC_WARN_UNDECLARED_SELECTOR = YES;
				GCC_WARN_UNINITIALIZED_AUTOS = YES_AGGRESSIVE;
				GCC_WARN_UNUSED_FUNCTION = YES;
				GCC_WARN_UNUSED_VARIABLE = YES;
				IPHONEOS_DEPLOYMENT_TARGET = 15.0;
				MTL_ENABLE_DEBUG_INFO = YES;
				ONLY_ACTIVE_ARCH = YES;
				SDKROOT = iphoneos;
				SWIFT_ACTIVE_COMPILATION_CONDITIONS = DEBUG;
				SWIFT_OPTIMIZATION_LEVEL = "-Onone";
			};
			name = Debug;
		};
		504EC3151FED79650016851F /* Release */ = {
			isa = XCBuildConfiguration;
			buildSettings = {
				ALWAYS_SEARCH_USER_PATHS = NO;
				CLANG_ANALYZER_NONNULL = YES;
				CLANG_ANALYZER_NUMBER_OBJECT_CONVERSION = YES_AGGRESSIVE;
				CLANG_CXX_LANGUAGE_STANDARD = "gnu++14";
				CLANG_CXX_LIBRARY = "libc++";
				CLANG_ENABLE_MODULES = YES;
				CLANG_ENABLE_OBJC_ARC = YES;
				CLANG_WARN_BLOCK_CAPTURE_AUTORELEASING = YES;
				CLANG_WARN_BOOL_CONVERSION = YES;
				CLANG_WARN_COMMA = YES;
				CLANG_WARN_CONSTANT_CONVERSION = YES;
				CLANG_WARN_DIRECT_OBJC_ISA_USAGE = YES_ERROR;
				CLANG_WARN_DOCUMENTATION_COMMENTS = YES;
				CLANG_WARN_EMPTY_BODY = YES;
				CLANG_WARN_ENUM_CONVERSION = YES;
				CLANG_WARN_INFINITE_RECURSION = YES;
				CLANG_WARN_INT_CONVERSION = YES;
				CLANG_WARN_NON_LITERAL_NULL_CONVERSION = YES;
				CLANG_WARN_OBJC_LITERAL_CONVERSION = YES;
				CLANG_WARN_OBJC_ROOT_CLASS = YES_ERROR;
				CLANG_WARN_RANGE_LOOP_ANALYSIS = YES;
				CLANG_WARN_STRICT_PROTOTYPES = YES;
				CLANG_WARN_SUSPICIOUS_MOVE = YES;
				CLANG_WARN_UNGUARDED_AVAILABILITY = YES_AGGRESSIVE;
				CLANG_WARN_UNREACHABLE_CODE = YES;
				CLANG_WARN__DUPLICATE_METHOD_MATCH = YES;
				CODE_SIGN_IDENTITY = "iPhone Developer";
				COPY_PHASE_STRIP = NO;
				DEBUG_INFORMATION_FORMAT = "dwarf-with-dsym";
				ENABLE_NS_ASSERTIONS = NO;
				ENABLE_STRICT_OBJC_MSGSEND = YES;
				GCC_C_LANGUAGE_STANDARD = gnu11;
				GCC_NO_COMMON_BLOCKS = YES;
				GCC_WARN_64_TO_32_BIT_CONVERSION = YES;
				GCC_WARN_ABOUT_RETURN_TYPE = YES_ERROR;
				GCC_WARN_UNDECLARED_SELECTOR = YES;
				GCC_WARN_UNINITIALIZED_AUTOS = YES_AGGRESSIVE;
				GCC_WARN_UNUSED_FUNCTION = YES;
				GCC_WARN_UNUSED_VARIABLE = YES;
				IPHONEOS_DEPLOYMENT_TARGET = 15.0;
				MTL_ENABLE_DEBUG_INFO = NO;
				SDKROOT = iphoneos;
				SWIFT_COMPILATION_MODE = wholemodule;
				SWIFT_OPTIMIZATION_LEVEL = "-O";
				VALIDATE_PRODUCT = YES;
			};
			name = Release;
		};
		504EC3171FED79650016851F /* Debug */ = {
			isa = XCBuildConfiguration;
			baseConfigurationReference = 958DCC722DB07C7200EA8C5F /* debug.xcconfig */;
			buildSettings = {
				ASSETCATALOG_COMPILER_APPICON_NAME = FollowApp;
				CODE_SIGN_ENTITLEMENTS = App/App.entitlements;
				CODE_SIGN_IDENTITY = "Apple Development";
				CODE_SIGN_STYLE = Automatic;
				CURRENT_PROJECT_VERSION = 202607181432;
				DEVELOPMENT_TEAM = ZF489NYM57;
				INFOPLIST_FILE = App/Info.plist;
				IPHONEOS_DEPLOYMENT_TARGET = 15.0;
				LD_RUNPATH_SEARCH_PATHS = (
					"$(inherited)",
					"@executable_path/Frameworks",
				);
				MARKETING_VERSION = 1.0;
				OTHER_SWIFT_FLAGS = "$(inherited) \"-D\" \"COCOAPODS\" \"-DDEBUG\"";
				PRODUCT_BUNDLE_IDENTIFIER = com.pascalmurasira.followapp;
				PRODUCT_NAME = "$(TARGET_NAME)";
				SWIFT_ACTIVE_COMPILATION_CONDITIONS = DEBUG;
				SWIFT_VERSION = 5.0;
				TARGETED_DEVICE_FAMILY = "1,2";
			};
			name = Debug;
		};
		504EC3181FED79650016851F /* Release */ = {
			isa = XCBuildConfiguration;
			buildSettings = {
				ASSETCATALOG_COMPILER_APPICON_NAME = FollowApp;
				CODE_SIGN_ENTITLEMENTS = App/App.entitlements;
				CODE_SIGN_IDENTITY = "Apple Distribution";
				CODE_SIGN_STYLE = Manual;
				CURRENT_PROJECT_VERSION = 202607181432;
				DEVELOPMENT_TEAM = ZF489NYM57;
				INFOPLIST_FILE = App/Info.plist;
				IPHONEOS_DEPLOYMENT_TARGET = 15.0;
				LD_RUNPATH_SEARCH_PATHS = (
					"$(inherited)",
					"@executable_path/Frameworks",
				);
				MARKETING_VERSION = 1.0;
				PRODUCT_BUNDLE_IDENTIFIER = com.pascalmurasira.followapp;
				PRODUCT_NAME = "$(TARGET_NAME)";
				PROVISIONING_PROFILE_SPECIFIER = "FollowApp App Store";
				SWIFT_ACTIVE_COMPILATION_CONDITIONS = "";
				SWIFT_VERSION = 5.0;
				TARGETED_DEVICE_FAMILY = "1,2";
			};
			name = Release;
		};
		AA0000192C41000100F0A001 /* Debug */ = {
			isa = XCBuildConfiguration;
			buildSettings = {
				APPLICATION_EXTENSION_API_ONLY = YES;
				CODE_SIGN_STYLE = Automatic;
				CURRENT_PROJECT_VERSION = 202607181432;
				DEVELOPMENT_TEAM = ZF489NYM57;
				INFOPLIST_FILE = FollowAppWidgets/Info.plist;
				IPHONEOS_DEPLOYMENT_TARGET = 18.0;
				LD_RUNPATH_SEARCH_PATHS = (
					"$(inherited)",
					"@executable_path/Frameworks",
					"@executable_path/../../Frameworks",
				);
				MARKETING_VERSION = 1.0;
				PRODUCT_BUNDLE_IDENTIFIER = com.pascalmurasira.followapp.widgets;
				PRODUCT_NAME = "$(TARGET_NAME)";
				SKIP_INSTALL = YES;
				SUPPORTS_MACCATALYST = NO;
				SWIFT_ACTIVE_COMPILATION_CONDITIONS = DEBUG;
				SWIFT_OPTIMIZATION_LEVEL = "-Onone";
				SWIFT_VERSION = 5.0;
				TARGETED_DEVICE_FAMILY = "1,2";
			};
			name = Debug;
		};
		AA00001A2C41000100F0A001 /* Release */ = {
			isa = XCBuildConfiguration;
			buildSettings = {
				APPLICATION_EXTENSION_API_ONLY = YES;
				CODE_SIGN_IDENTITY = "Apple Distribution";
				CODE_SIGN_STYLE = Manual;
				CURRENT_PROJECT_VERSION = 202607181432;
				DEVELOPMENT_TEAM = ZF489NYM57;
				INFOPLIST_FILE = FollowAppWidgets/Info.plist;
				IPHONEOS_DEPLOYMENT_TARGET = 18.0;
				LD_RUNPATH_SEARCH_PATHS = (
					"$(inherited)",
					"@executable_path/Frameworks",
					"@executable_path/../../Frameworks",
				);
				MARKETING_VERSION = 1.0;
				PRODUCT_BUNDLE_IDENTIFIER = com.pascalmurasira.followapp.widgets;
				PRODUCT_NAME = "$(TARGET_NAME)";
				PROVISIONING_PROFILE_SPECIFIER = "FollowApp Widgets App Store";
				SKIP_INSTALL = YES;
				SUPPORTS_MACCATALYST = NO;
				SWIFT_COMPILATION_MODE = wholemodule;
				SWIFT_OPTIMIZATION_LEVEL = "-O";
				SWIFT_VERSION = 5.0;
				TARGETED_DEVICE_FAMILY = "1,2";
			};
			name = Release;
		};
		AA00002B2C41000100F0A001 /* Debug */ = {
			isa = XCBuildConfiguration;
			buildSettings = {
				APPLICATION_EXTENSION_API_ONLY = YES;
				CODE_SIGN_STYLE = Automatic;
				CURRENT_PROJECT_VERSION = 202607181432;
				DEVELOPMENT_TEAM = ZF489NYM57;
				ENABLE_APP_SANDBOX = YES;
				INFOPLIST_FILE = FollowAppCaptureExtension/Info.plist;
				IPHONEOS_DEPLOYMENT_TARGET = 18.0;
				LD_RUNPATH_SEARCH_PATHS = (
					"$(inherited)",
					"@executable_path/Frameworks",
					"@executable_path/../../Frameworks",
				);
				MARKETING_VERSION = 1.0;
				PRODUCT_BUNDLE_IDENTIFIER = com.pascalmurasira.followapp.capture;
				PRODUCT_NAME = "$(TARGET_NAME)";
				SKIP_INSTALL = YES;
				SUPPORTS_MACCATALYST = NO;
				SWIFT_ACTIVE_COMPILATION_CONDITIONS = DEBUG;
				SWIFT_OPTIMIZATION_LEVEL = "-Onone";
				SWIFT_VERSION = 5.0;
				TARGETED_DEVICE_FAMILY = "1,2";
			};
			name = Debug;
		};
		AA00002C2C41000100F0A001 /* Release */ = {
			isa = XCBuildConfiguration;
			buildSettings = {
				APPLICATION_EXTENSION_API_ONLY = YES;
				CODE_SIGN_IDENTITY = "Apple Distribution";
				CODE_SIGN_STYLE = Manual;
				CURRENT_PROJECT_VERSION = 202607181432;
				DEVELOPMENT_TEAM = ZF489NYM57;
				ENABLE_APP_SANDBOX = YES;
				INFOPLIST_FILE = FollowAppCaptureExtension/Info.plist;
				IPHONEOS_DEPLOYMENT_TARGET = 18.0;
				LD_RUNPATH_SEARCH_PATHS = (
					"$(inherited)",
					"@executable_path/Frameworks",
					"@executable_path/../../Frameworks",
				);
				MARKETING_VERSION = 1.0;
				PRODUCT_BUNDLE_IDENTIFIER = com.pascalmurasira.followapp.capture;
				PRODUCT_NAME = "$(TARGET_NAME)";
				PROVISIONING_PROFILE_SPECIFIER = "FollowApp Camera Capture App Store";
				SKIP_INSTALL = YES;
				SUPPORTS_MACCATALYST = NO;
				SWIFT_COMPILATION_MODE = wholemodule;
				SWIFT_OPTIMIZATION_LEVEL = "-O";
				SWIFT_VERSION = 5.0;
				TARGETED_DEVICE_FAMILY = "1,2";
			};
			name = Release;
		};
/* End XCBuildConfiguration section */

/* Begin XCConfigurationList section */
		504EC2FF1FED79650016851F /* Build configuration list for PBXProject "App" */ = {
			isa = XCConfigurationList;
			buildConfigurations = (
				504EC3141FED79650016851F /* Debug */,
				504EC3151FED79650016851F /* Release */,
			);
			defaultConfigurationIsVisible = 0;
			defaultConfigurationName = Release;
		};
		504EC3161FED79650016851F /* Build configuration list for PBXNativeTarget "App" */ = {
			isa = XCConfigurationList;
			buildConfigurations = (
				504EC3171FED79650016851F /* Debug */,
				504EC3181FED79650016851F /* Release */,
			);
			defaultConfigurationIsVisible = 0;
			defaultConfigurationName = Release;
		};
		AA00001B2C41000100F0A001 /* Build configuration list for PBXNativeTarget "FollowAppWidgets" */ = {
			isa = XCConfigurationList;
			buildConfigurations = (
				AA0000192C41000100F0A001 /* Debug */,
				AA00001A2C41000100F0A001 /* Release */,
			);
			defaultConfigurationIsVisible = 0;
			defaultConfigurationName = Release;
		};
		AA00002D2C41000100F0A001 /* Build configuration list for PBXNativeTarget "FollowAppCaptureExtension" */ = {
			isa = XCConfigurationList;
			buildConfigurations = (
				AA00002B2C41000100F0A001 /* Debug */,
				AA00002C2C41000100F0A001 /* Release */,
			);
			defaultConfigurationIsVisible = 0;
			defaultConfigurationName = Release;
		};
/* End XCConfigurationList section */

/* Begin XCLocalSwiftPackageReference section */
		D4C12C0A2AAA248700AAC8A2 /* XCLocalSwiftPackageReference "CapApp-SPM" */ = {
			isa = XCLocalSwiftPackageReference;
			relativePath = "CapApp-SPM";
		};
/* End XCLocalSwiftPackageReference section */

/* Begin XCSwiftPackageProductDependency section */
		4D22ABE82AF431CB00220026 /* CapApp-SPM */ = {
			isa = XCSwiftPackageProductDependency;
			package = D4C12C0A2AAA248700AAC8A2 /* XCLocalSwiftPackageReference "CapApp-SPM" */;
			productName = "CapApp-SPM";
		};
/* End XCSwiftPackageProductDependency section */
	};
	rootObject = 504EC2FC1FED79650016851F /* Project object */;
}
